// !$*UTF8*$!
{
	archiveVersion = 1;
	classes = {
	};
	objectVersion = 50;
	objects = {

/* Begin PBXBuildFile section */
		72730152266BF09000A9F58B /* AppDelegate.swift in Sources */ = {isa = PBXBuildFile; fileRef = 72730151266BF09000A9F58B /* AppDelegate.swift */; };
		72730154266BF09000A9F58B /* SceneDelegate.swift in Sources */ = {isa = PBXBuildFile; fileRef = 72730153266BF09000A9F58B /* SceneDelegate.swift */; };
		72730159266BF09000A9F58B /* Main.storyboard in Resources */ = {isa = PBXBuildFile; fileRef = 72730157266BF09000A9F58B /* Main.storyboard */; };
		7273015B266BF09300A9F58B /* Assets.xcassets in Resources */ = {isa = PBXBuildFile; fileRef = 7273015A266BF09300A9F58B /* Assets.xcassets */; };
		7273015E266BF09300A9F58B /* LaunchScreen.storyboard in Resources */ = {isa = PBXBuildFile; fileRef = 7273015C266BF09300A9F58B /* LaunchScreen.storyboard */; };
		72730171266BF37F00A9F58B /* MainTabController.swift in Sources */ = {isa = PBXBuildFile; fileRef = 72730170266BF37F00A9F58B /* MainTabController.swift */; };
		72730173266BF4C400A9F58B /* FeedController.swift in Sources */ = {isa = PBXBuildFile; fileRef = 72730172266BF4C400A9F58B /* FeedController.swift */; };
		72730175266BFD7E00A9F58B /* ExploreController.swift in Sources */ = {isa = PBXBuildFile; fileRef = 72730174266BFD7E00A9F58B /* ExploreController.swift */; };
		72730177266BFD8D00A9F58B /* Notification.swift in Sources */ = {isa = PBXBuildFile; fileRef = 72730176266BFD8D00A9F58B /* Notification.swift */; };
		72730179266BFDB700A9F58B /* ConversationController.swift in Sources */ = {isa = PBXBuildFile; fileRef = 72730178266BFDB700A9F58B /* ConversationController.swift */; };
		7273017B266C0D8000A9F58B /* Extensions.swift in Sources */ = {isa = PBXBuildFile; fileRef = 7273017A266C0D8000A9F58B /* Extensions.swift */; };
/* End PBXBuildFile section */

/* Begin PBXFileReference section */
		7273014E266BF09000A9F58B /* Twitter Clone.app */ = {isa = PBXFileReference; explicitFileType = wrapper.application; includeInIndex = 0; path = "Twitter Clone.app"; sourceTree = BUILT_PRODUCTS_DIR; };
		72730151266BF09000A9F58B /* AppDelegate.swift */ = {isa = PBXFileReference; lastKnownFileType = sourcecode.swift; path = AppDelegate.swift; sourceTree = "<group>"; };
		72730153266BF09000A9F58B /* SceneDelegate.swift */ = {isa = PBXFileReference; lastKnownFileType = sourcecode.swift; path = SceneDelegate.swift; sourceTree = "<group>"; };
		72730158266BF09000A9F58B /* Base */ = {isa = PBXFileReference; lastKnownFileType = file.storyboard; name = Base; path = Base.lproj/Main.storyboard; sourceTree = "<group>"; };
		7273015A266BF09300A9F58B /* Assets.xcassets */ = {isa = PBXFileReference; lastKnownFileType = folder.assetcatalog; path = Assets.xcassets; sourceTree = "<group>"; };
		7273015D266BF09300A9F58B /* Base */ = {isa = PBXFileReference; lastKnownFileType = file.storyboard; name = Base; path = Base.lproj/LaunchScreen.storyboard; sourceTree = "<group>"; };
		7273015F266BF09300A9F58B /* Info.plist */ = {isa = PBXFileReference; lastKnownFileType = text.plist.xml; path = Info.plist; sourceTree = "<group>"; };
		72730170266BF37F00A9F58B /* MainTabController.swift */ = {isa = PBXFileReference; lastKnownFileType = sourcecode.swift; path = MainTabController.swift; sourceTree = "<group>"; };
		72730172266BF4C400A9F58B /* FeedController.swift */ = {isa = PBXFileReference; lastKnownFileType = sourcecode.swift; path = FeedController.swift; sourceTree = "<group>"; };
		72730174266BFD7E00A9F58B /* ExploreController.swift */ = {isa = PBXFileReference; lastKnownFileType = sourcecode.swift; path = ExploreController.swift; sourceTree = "<group>"; };
		72730176266BFD8D00A9F58B /* Notification.swift */ = {isa = PBXFileReference; lastKnownFileType = sourcecode.swift; path = Notification.swift; sourceTree = "<group>"; };
		72730178266BFDB700A9F58B /* ConversationController.swift */ = {isa = PBXFileReference; lastKnownFileType = sourcecode.swift; path = ConversationController.swift; sourceTree = "<group>"; };
		7273017A266C0D8000A9F58B /* Extensions.swift */ = {isa = PBXFileReference; lastKnownFileType = sourcecode.swift; path = Extensions.swift; sourceTree = "<group>"; };
/* End PBXFileReference section */

/* Begin PBXFrameworksBuildPhase section */
		7273014B266BF09000A9F58B /* Frameworks */ = {
			isa = PBXFrameworksBuildPhase;
			buildActionMask = 2147483647;
			files = (
			);
			runOnlyForDeploymentPostprocessing = 0;
		};
/* End PBXFrameworksBuildPhase section */

/* Begin PBXGroup section */
		72730145266BF09000A9F58B = {
			isa = PBXGroup;
			children = (
				72730150266BF09000A9F58B /* Twitter Clone */,
				7273014F266BF09000A9F58B /* Products */,
			);
			sourceTree = "<group>";
		};
		7273014F266BF09000A9F58B /* Products */ = {
			isa = PBXGroup;
			children = (
				7273014E266BF09000A9F58B /* Twitter Clone.app */,
			);
			name = Products;
			sourceTree = "<group>";
		};
		72730150266BF09000A9F58B /* Twitter Clone */ = {
			isa = PBXGroup;
			children = (
				7273016D266BF16C00A9F58B /* Utils */,
				7273016C266BF16400A9F58B /* API */,
				7273016B266BF14800A9F58B /* Controller */,
				7273016A266BF11800A9F58B /* ViewModel */,
				72730169266BF10C00A9F58B /* View */,
				72730168266BF0FD00A9F58B /* Model */,
				72730151266BF09000A9F58B /* AppDelegate.swift */,
				72730153266BF09000A9F58B /* SceneDelegate.swift */,
				72730157266BF09000A9F58B /* Main.storyboard */,
				7273015A266BF09300A9F58B /* Assets.xcassets */,
				7273015C266BF09300A9F58B /* LaunchScreen.storyboard */,
				7273015F266BF09300A9F58B /* Info.plist */,
			);
			path = "Twitter Clone";
			sourceTree = "<group>";
		};
		72730168266BF0FD00A9F58B /* Model */ = {
			isa = PBXGroup;
			children = (
			);
			path = Model;
			sourceTree = "<group>";
		};
		72730169266BF10C00A9F58B /* View */ = {
			isa = PBXGroup;
			children = (
			);
			path = View;
			sourceTree = "<group>";
		};
		7273016A266BF11800A9F58B /* ViewModel */ = {
			isa = PBXGroup;
			children = (
			);
			path = ViewModel;
			sourceTree = "<group>";
		};
		7273016B266BF14800A9F58B /* Controller */ = {
			isa = PBXGroup;
			children = (
				72730170266BF37F00A9F58B /* MainTabController.swift */,
				72730172266BF4C400A9F58B /* FeedController.swift */,
				72730174266BFD7E00A9F58B /* ExploreController.swift */,
				72730176266BFD8D00A9F58B /* Notification.swift */,
				72730178266BFDB700A9F58B /* ConversationController.swift */,
			);
			path = Controller;
			sourceTree = "<group>";
		};
		7273016C266BF16400A9F58B /* API */ = {
			isa = PBXGroup;
			children = (
			);
			path = API;
			sourceTree = "<group>";
		};
		7273016D266BF16C00A9F58B /* Utils */ = {
			isa = PBXGroup;
			children = (
				7273017A266C0D8000A9F58B /* Extensions.swift */,
			);
			path = Utils;
			sourceTree = "<group>";
		};
/* End PBXGroup section */

/* Begin PBXNativeTarget section */
		7273014D266BF09000A9F58B /* Twitter Clone */ = {
			isa = PBXNativeTarget;
			buildConfigurationList = 72730162266BF09300A9F58B /* Build configuration list for PBXNativeTarget "Twitter Clone" */;
			buildPhases = (
				7273014A266BF09000A9F58B /* Sources */,
				7273014B266BF09000A9F58B /* Frameworks */,
				7273014C266BF09000A9F58B /* Resources */,
			);
			buildRules = (
			);
			dependencies = (
			);
			name = "Twitter Clone";
			productName = "Twitter Clone";
			productReference = 7273014E266BF09000A9F58B /* Twitter Clone.app */;
			productType = "com.apple.product-type.application";
		};
/* End PBXNativeTarget section */

/* Begin PBXProject section */
		72730146266BF09000A9F58B /* Project object */ = {
			isa = PBXProject;
			attributes = {
				LastSwiftUpdateCheck = 1250;
				LastUpgradeCheck = 1250;
				TargetAttributes = {
					7273014D266BF09000A9F58B = {
						CreatedOnToolsVersion = 12.5;
					};
				};
			};
			buildConfigurationList = 72730149266BF09000A9F58B /* Build configuration list for PBXProject "Twitter Clone" */;
			compatibilityVersion = "Xcode 9.3";
			developmentRegion = en;
			hasScannedForEncodings = 0;
			knownRegions = (
				en,
				Base,
			);
			mainGroup = 72730145266BF09000A9F58B;
			productRefGroup = 7273014F266BF09000A9F58B /* Products */;
			projectDirPath = "";
			projectRoot = "";
			targets = (
				7273014D266BF09000A9F58B /* Twitter Clone */,
			);
		};
/* End PBXProject section */

/* Begin PBXResourcesBuildPhase section */
		7273014C266BF09000A9F58B /* Resources */ = {
			isa = PBXResourcesBuildPhase;
			buildActionMask = 2147483647;
			files = (
				7273015E266BF09300A9F58B /* LaunchScreen.storyboard in Resources */,
				7273015B266BF09300A9F58B /* Assets.xcassets in Resources */,
				72730159266BF09000A9F58B /* Main.storyboard in Resources */,
			);
			runOnlyForDeploymentPostprocessing = 0;
		};
/* End PBXResourcesBuildPhase section */

/* Begin PBXSourcesBuildPhase section */
		7273014A266BF09000A9F58B /* Sources */ = {
			isa = PBXSourcesBuildPhase;
			buildActionMask = 2147483647;
			files = (
				72730152266BF09000A9F58B /* AppDelegate.swift in Sources */,
				72730175266BFD7E00A9F58B /* ExploreController.swift in Sources */,
				72730177266BFD8D00A9F58B /* Notification.swift in Sources */,
				7273017B266C0D8000A9F58B /* Extensions.swift in Sources */,
				72730154266BF09000A9F58B /* SceneDelegate.swift in Sources */,
				72730171266BF37F00A9F58B /* MainTabController.swift in Sources */,
				72730179266BFDB700A9F58B /* ConversationController.swift in Sources */,
				72730173266BF4C400A9F58B /* FeedController.swift in Sources */,
			);
			runOnlyForDeploymentPostprocessing = 0;
		};
/* End PBXSourcesBuildPhase section */

/* Begin PBXVariantGroup section */
		72730157266BF09000A9F58B /* Main.storyboard */ = {
			isa = PBXVariantGroup;
			children = (
				72730158266BF09000A9F58B /* Base */,
			);
			name = Main.storyboard;
			sourceTree = "<group>";
		};
		7273015C266BF09300A9F58B /* LaunchScreen.storyboard */ = {
			isa = PBXVariantGroup;
			children = (
				7273015D266BF09300A9F58B /* Base */,
			);
			name = LaunchScreen.storyboard;
			sourceTree = "<group>";
		};
/* End PBXVariantGroup section */

/* Begin XCBuildConfiguration section */
		72730160266BF09300A9F58B /* Debug */ = {
			isa = XCBuildConfiguration;
			buildSettings = {
				ALWAYS_SEARCH_USER_PATHS = NO;
				CLANG_ANALYZER_NONNULL = YES;
				CLANG_ANALYZER_NUMBER_OBJECT_CONVERSION = YES_AGGRESSIVE;
				CLANG_CXX_LANGUAGE_STANDARD = "gnu++14";
				CLANG_CXX_LIBRARY = "libc++";
				CLANG_ENABLE_MODULES = YES;
				CLANG_ENABLE_OBJC_ARC = YES;
				CLANG_ENABLE_OBJC_WEAK = YES;
				CLANG_WARN_BLOCK_CAPTURE_AUTORELEASING = YES;
				CLANG_WARN_BOOL_CONVERSION = YES;
				CLANG_WARN_COMMA = YES;
				CLANG_WARN_CONSTANT_CONVERSION = YES;
				CLANG_WARN_DEPRECATED_OBJC_IMPLEMENTATIONS = YES;
				CLANG_WARN_DIRECT_OBJC_ISA_USAGE = YES_ERROR;
				CLANG_WARN_DOCUMENTATION_COMMENTS = YES;
				CLANG_WARN_EMPTY_BODY = YES;
				CLANG_WARN_ENUM_CONVERSION = YES;
				CLANG_WARN_INFINITE_RECURSION = YES;
				CLANG_WARN_INT_CONVERSION = YES;
				CLANG_WARN_NON_LITERAL_NULL_CONVERSION = YES;
				CLANG_WARN_OBJC_IMPLICIT_RETAIN_SELF = YES;
				CLANG_WARN_OBJC_LITERAL_CONVERSION = YES;
				CLANG_WARN_OBJC_ROOT_CLASS = YES_ERROR;
				CLANG_WARN_QUOTED_INCLUDE_IN_FRAMEWORK_HEADER = YES;
				CLANG_WARN_RANGE_LOOP_ANALYSIS = YES;
				CLANG_WARN_STRICT_PROTOTYPES = YES;
				CLANG_WARN_SUSPICIOUS_MOVE = YES;
				CLANG_WARN_UNGUARDED_AVAILABILITY = YES_AGGRESSIVE;
				CLANG_WARN_UNREACHABLE_CODE = YES;
				CLANG_WARN__DUPLICATE_METHOD_MATCH = YES;
				COPY_PHASE_STRIP = NO;
				DEBUG_INFORMATION_FORMAT = dwarf;
				ENABLE_STRICT_OBJC_MSGSEND = YES;
				ENABLE_TESTABILITY = YES;
				GCC_C_LANGUAGE_STANDARD = gnu11;
				GCC_DYNAMIC_NO_PIC = NO;
				GCC_NO_COMMON_BLOCKS = YES;
				GCC_OPTIMIZATION_LEVEL = 0;
				GCC_PREPROCESSOR_DEFINITIONS = (
					"DEBUG=1",
					"$(inherited)",
				);
				GCC_WARN_64_TO_32_BIT_CONVERSION = YES;
				GCC_WARN_ABOUT_RETURN_TYPE = YES_ERROR;
				GCC_WARN_UNDECLARED_SELECTOR = YES;
				GCC_WARN_UNINITIALIZED_AUTOS = YES_AGGRESSIVE;
				GCC_WARN_UNUSED_FUNCTION = YES;
				GCC_WARN_UNUSED_VARIABLE = YES;
				IPHONEOS_DEPLOYMENT_TARGET = 14.5;
				MTL_ENABLE_DEBUG_INFO = INCLUDE_SOURCE;
				MTL_FAST_MATH = YES;
				ONLY_ACTIVE_ARCH = YES;
				SDKROOT = iphoneos;
				SWIFT_ACTIVE_COMPILATION_CONDITIONS = DEBUG;
				SWIFT_OPTIMIZATION_LEVEL = "-Onone";
			};
			name = Debug;
		};
		72730161266BF09300A9F58B /* Release */ = {
			isa = XCBuildConfiguration;
			buildSettings = {
				ALWAYS_SEARCH_USER_PATHS = NO;
				CLANG_ANALYZER_NONNULL = YES;
				CLANG_ANALYZER_NUMBER_OBJECT_CONVERSION = YES_AGGRESSIVE;
				CLANG_CXX_LANGUAGE_STANDARD = "gnu++14";
				CLANG_CXX_LIBRARY = "libc++";
				CLANG_ENABLE_MODULES = YES;
				CLANG_ENABLE_OBJC_ARC = YES;
				CLANG_ENABLE_OBJC_WEAK = YES;
				CLANG_WARN_BLOCK_CAPTURE_AUTORELEASING = YES;
				CLANG_WARN_BOOL_CONVERSION = YES;
				CLANG_WARN_COMMA = YES;
				CLANG_WARN_CONSTANT_CONVERSION = YES;
				CLANG_WARN_DEPRECATED_OBJC_IMPLEMENTATIONS = YES;
				CLANG_WARN_DIRECT_OBJC_ISA_USAGE = YES_ERROR;
				CLANG_WARN_DOCUMENTATION_COMMENTS = YES;
				CLANG_WARN_EMPTY_BODY = YES;
				CLANG_WARN_ENUM_CONVERSION = YES;
				CLANG_WARN_INFINITE_RECURSION = YES;
				CLANG_WARN_INT_CONVERSION = YES;
				CLANG_WARN_NON_LITERAL_NULL_CONVERSION = YES;
				CLANG_WARN_OBJC_IMPLICIT_RETAIN_SELF = YES;
				CLANG_WARN_OBJC_LITERAL_CONVERSION = YES;
				CLANG_WARN_OBJC_ROOT_CLASS = YES_ERROR;
				CLANG_WARN_QUOTED_INCLUDE_IN_FRAMEWORK_HEADER = YES;
				CLANG_WARN_RANGE_LOOP_ANALYSIS = YES;
				CLANG_WARN_STRICT_PROTOTYPES = YES;
				CLANG_WARN_SUSPICIOUS_MOVE = YES;
				CLANG_WARN_UNGUARDED_AVAILABILITY = YES_AGGRESSIVE;
				CLANG_WARN_UNREACHABLE_CODE = YES;
				CLANG_WARN__DUPLICATE_METHOD_MATCH = YES;
				COPY_PHASE_STRIP = NO;
				DEBUG_INFORMATION_FORMAT = "dwarf-with-dsym";
				ENABLE_NS_ASSERTIONS = NO;
				ENABLE_STRICT_OBJC_MSGSEND = YES;
				GCC_C_LANGUAGE_STANDARD = gnu11;
				GCC_NO_COMMON_BLOCKS = YES;
				GCC_WARN_64_TO_32_BIT_CONVERSION = YES;
				GCC_WARN_ABOUT_RETURN_TYPE = YES_ERROR;
				GCC_WARN_UNDECLARED_SELECTOR = YES;
				GCC_WARN_UNINITIALIZED_AUTOS = YES_AGGRESSIVE;
				GCC_WARN_UNUSED_FUNCTION = YES;
				GCC_WARN_UNUSED_VARIABLE = YES;
				IPHONEOS_DEPLOYMENT_TARGET = 14.5;
				MTL_ENABLE_DEBUG_INFO = NO;
				MTL_FAST_MATH = YES;
				SDKROOT = iphoneos;
				SWIFT_COMPILATION_MODE = wholemodule;
				SWIFT_OPTIMIZATION_LEVEL = "-O";
				VALIDATE_PRODUCT = YES;
			};
			name = Release;
		};
		72730163266BF09300A9F58B /* Debug */ = {
			isa = XCBuildConfiguration;
			buildSettings = {
				ASSETCATALOG_COMPILER_APPICON_NAME = AppIcon;
				ASSETCATALOG_COMPILER_GLOBAL_ACCENT_COLOR_NAME = AccentColor;
				CODE_SIGN_STYLE = Automatic;
				DEVELOPMENT_TEAM = D9PPZUU246;
				INFOPLIST_FILE = "Twitter Clone/Info.plist";
				LD_RUNPATH_SEARCH_PATHS = (
					"$(inherited)",
					"@executable_path/Frameworks",
				);
				PRODUCT_BUNDLE_IDENTIFIER = "Techzia.Twitter-Clone";
				PRODUCT_NAME = "$(TARGET_NAME)";
				SWIFT_VERSION = 5.0;
				TARGETED_DEVICE_FAMILY = "1,2";
			};
			name = Debug;
		};
		72730164266BF09300A9F58B /* Release */ = {
			isa = XCBuildConfiguration;
			buildSettings = {
				ASSETCATALOG_COMPILER_APPICON_NAME = AppIcon;
				ASSETCATALOG_COMPILER_GLOBAL_ACCENT_COLOR_NAME = AccentColor;
				CODE_SIGN_STYLE = Automatic;
				DEVELOPMENT_TEAM = D9PPZUU246;
				INFOPLIST_FILE = "Twitter Clone/Info.plist";
				LD_RUNPATH_SEARCH_PATHS = (
					"$(inherited)",
					"@executable_path/Frameworks",
				);
				PRODUCT_BUNDLE_IDENTIFIER = "Techzia.Twitter-Clone";
				PRODUCT_NAME = "$(TARGET_NAME)";
				SWIFT_VERSION = 5.0;
				TARGETED_DEVICE_FAMILY = "1,2";
			};
			name = Release;
		};
/* End XCBuildConfiguration section */

/* Begin XCConfigurationList section */
		72730149266BF09000A9F58B /* Build configuration list for PBXProject "Twitter Clone" */ = {
			isa = XCConfigurationList;
			buildConfigurations = (
				72730160266BF09300A9F58B /* Debug */,
				72730161266BF09300A9F58B /* Release */,
			);
			defaultConfigurationIsVisible = 0;
			defaultConfigurationName = Release;
		};
		72730162266BF09300A9F58B /* Build configuration list for PBXNativeTarget "Twitter Clone" */ = {
			isa = XCConfigurationList;
			buildConfigurations = (
				72730163266BF09300A9F58B /* Debug */,
				72730164266BF09300A9F58B /* Release */,
			);
			defaultConfigurationIsVisible = 0;
			defaultConfigurationName = Release;
		};
/* End XCConfigurationList section */
	};
	rootObject = 72730146266BF09000A9F58B /* Project object */;
}
